
Microsoft Visual Studio Solution File, Format Version 12.00
# Visual Studio Version 16
VisualStudioVersion = 16.0.31025.218
MinimumVisualStudioVersion = 10.0.40219.1
Project("{9A19103F-16F7-4668-BE54-9A1E7A4F7556}") = "FitnessFoods.WebApi", "FitnessFoods.WebApi\FitnessFoods.WebApi.csproj", "{9D4E7947-6723-48F4-9584-DEDB33D3F94C}"
EndProject
Project("{9A19103F-16F7-4668-BE54-9A1E7A4F7556}") = "FitnessFoods.Core", "FitnessFoods.Core\FitnessFoods.Core.csproj", "{A5289454-8388-419D-9876-2C99C21A4CBB}"
EndProject
Project("{FAE04EC0-301F-11D3-BF4B-00C04F79EFBC}") = "FitnessFoods.Tests", "FitnessFoods.Tests\FitnessFoods.Tests.csproj", "{95D940B3-EF13-44BA-91A8-00DF690B15BB}"
EndProject
Global
	GlobalSection(SolutionConfigurationPlatforms) = preSolution
		Debug|Any CPU = Debug|Any CPU
		Release|Any CPU = Release|Any CPU
	EndGlobalSection
	GlobalSection(ProjectConfigurationPlatforms) = postSolution
		{9D4E7947-6723-48F4-9584-DEDB33D3F94C}.Debug|Any CPU.ActiveCfg = Debug|Any CPU
		{9D4E7947-6723-48F4-9584-DEDB33D3F94C}.Debug|Any CPU.Build.0 = Debug|Any CPU
		{9D4E7947-6723-48F4-9584-DEDB33D3F94C}.Release|Any CPU.ActiveCfg = Release|Any CPU
		{9D4E7947-6723-48F4-9584-DEDB33D3F94C}.Release|Any CPU.Build.0 = Release|Any CPU
		{A5289454-8388-419D-9876-2C99C21A4CBB}.Debug|Any CPU.ActiveCfg = Debug|Any CPU
		{A5289454-8388-419D-9876-2C99C21A4CBB}.Debug|Any CPU.Build.0 = Debug|Any CPU
		{A5289454-8388-419D-9876-2C99C21A4CBB}.Release|Any CPU.ActiveCfg = Release|Any CPU
		{A5289454-8388-419D-9876-2C99C21A4CBB}.Release|Any CPU.Build.0 = Release|Any CPU
		{95D940B3-EF13-44BA-91A8-00DF690B15BB}.Debug|Any CPU.ActiveCfg = Debug|Any CPU
		{95D940B3-EF13-44BA-91A8-00DF690B15BB}.Debug|Any CPU.Build.0 = Debug|Any CPU
		{95D940B3-EF13-44BA-91A8-00DF690B15BB}.Release|Any CPU.ActiveCfg = Release|Any CPU
		{95D940B3-EF13-44BA-91A8-00DF690B15BB}.Release|Any CPU.Build.0 = Release|Any CPU
	EndGlobalSection
	GlobalSection(SolutionProperties) = preSolution
		HideSolutionNode = FALSE
	EndGlobalSection
	GlobalSection(ExtensibilityGlobals) = postSolution
		SolutionGuid = {B23B3DC9-61E4-45A5-8497-519D7E32C12C}
	EndGlobalSection
EndGlobal
